
Microsoft Visual Studio Solution File, Format Version 12.00
# Visual Studio Version 17
VisualStudioVersion = 17.13.35931.197 d17.13
MinimumVisualStudioVersion = 10.0.40219.1
Project("{FAE04EC0-301F-11D3-BF4B-00C04F79EFBC}") = "Proyecto blal", "..\Proyecto blal\Proyecto blal.csproj", "{EBA0C039-44B7-44CE-914C-B82645D53258}"
EndProject
Project("{FAE04EC0-301F-11D3-BF4B-00C04F79EFBC}") = "Venta de videojuegos", "..\Venta de videojuegos\Venta de videojuegos.csproj", "{33857151-09AE-465B-A7C1-48916200E0E9}"
EndProject
Global
	GlobalSection(SolutionConfigurationPlatforms) = preSolution
		Debug|Any CPU = Debug|Any CPU
		Release|Any CPU = Release|Any CPU
	EndGlobalSection
	GlobalSection(ProjectConfigurationPlatforms) = postSolution
		{EBA0C039-44B7-44CE-914C-B82645D53258}.Debug|Any CPU.ActiveCfg = Debug|Any CPU
		{EBA0C039-44B7-44CE-914C-B82645D53258}.Debug|Any CPU.Build.0 = Debug|Any CPU
		{EBA0C039-44B7-44CE-914C-B82645D53258}.Release|Any CPU.ActiveCfg = Release|Any CPU
		{EBA0C039-44B7-44CE-914C-B82645D53258}.Release|Any CPU.Build.0 = Release|Any CPU
		{33857151-09AE-465B-A7C1-48916200E0E9}.Debug|Any CPU.ActiveCfg = Debug|Any CPU
		{33857151-09AE-465B-A7C1-48916200E0E9}.Debug|Any CPU.Build.0 = Debug|Any CPU
		{33857151-09AE-465B-A7C1-48916200E0E9}.Release|Any CPU.ActiveCfg = Release|Any CPU
		{33857151-09AE-465B-A7C1-48916200E0E9}.Release|Any CPU.Build.0 = Release|Any CPU
	EndGlobalSection
	GlobalSection(SolutionProperties) = preSolution
		HideSolutionNode = FALSE
	EndGlobalSection
	GlobalSection(ExtensibilityGlobals) = postSolution
		SolutionGuid = {60ABB615-8602-40E6-AEDE-1607BE9A03D3}
	EndGlobalSection
EndGlobal
